
Microsoft Visual Studio Solution File, Format Version 12.00
# Visual Studio Version 17
VisualStudioVersion = 17.8.34525.116
MinimumVisualStudioVersion = 10.0.40219.1
Project("{9A19103F-16F7-4668-BE54-9A1E7A4F7556}") = "SE1728_HE173252_A3", "SE1728_HE173252_A3.csproj", "{0D178843-D022-4C93-A74D-277449ACE554}"
EndProject
Global
	GlobalSection(SolutionConfigurationPlatforms) = preSolution
		Debug|Any CPU = Debug|Any CPU
		Release|Any CPU = Release|Any CPU
	EndGlobalSection
	GlobalSection(ProjectConfigurationPlatforms) = postSolution
		{0D178843-D022-4C93-A74D-277449ACE554}.Debug|Any CPU.ActiveCfg = Debug|Any CPU
		{0D178843-D022-4C93-A74D-277449ACE554}.Debug|Any CPU.Build.0 = Debug|Any CPU
		{0D178843-D022-4C93-A74D-277449ACE554}.Release|Any CPU.ActiveCfg = Release|Any CPU
		{0D178843-D022-4C93-A74D-277449ACE554}.Release|Any CPU.Build.0 = Release|Any CPU
	EndGlobalSection
	GlobalSection(SolutionProperties) = preSolution
		HideSolutionNode = FALSE
	EndGlobalSection
	GlobalSection(ExtensibilityGlobals) = postSolution
		SolutionGuid = {CEE38EF9-753B-4B98-9AE1-671C1BE96289}
	EndGlobalSection
EndGlobal
